
Microsoft Visual Studio Solution File, Format Version 12.00
# Visual Studio 15
VisualStudioVersion = 15.0.27130.2010
MinimumVisualStudioVersion = 10.0.40219.1
Project("{888888A0-9F3D-457C-B088-3A5042F75D52}") = "test1", "test1\test1.pyproj", "{7B818729-E807-47BA-B735-633D4A19EA95}"
EndProject
Global
	GlobalSection(SolutionConfigurationPlatforms) = preSolution
		Debug|Any CPU = Debug|Any CPU
		Release|Any CPU = Release|Any CPU
	EndGlobalSection
	GlobalSection(ProjectConfigurationPlatforms) = postSolution
		{7B818729-E807-47BA-B735-633D4A19EA95}.Debug|Any CPU.ActiveCfg = Debug|Any CPU
		{7B818729-E807-47BA-B735-633D4A19EA95}.Release|Any CPU.ActiveCfg = Release|Any CPU
	EndGlobalSection
	GlobalSection(SolutionProperties) = preSolution
		HideSolutionNode = FALSE
	EndGlobalSection
	GlobalSection(ExtensibilityGlobals) = postSolution
		SolutionGuid = {677A2438-8542-4BC0-9F2A-7FE7DA94046C}
	EndGlobalSection
EndGlobal
